<Project xmlns="http://schemas.microsoft.com/developer/msbuild/2003">
    <PropertyGroup Condition="'$(Base_Win32)'!=''">
        <VerInfo_Keys>CompanyName=;FileVersion=2.1.0.0;ProductVersion=1.0.0.0;Comments=</VerInfo_Keys>
    </PropertyGroup>
    <PropertyGroup Condition="'$(Cfg_1_Win32)'!=''">
        <VerInfo_Keys>CompanyName=;FileVersion=2.1.0.0;ProductVersion=9.0.0.0;Comments=</VerInfo_Keys>
    </PropertyGroup>
</Project>
